
Microsoft Visual Studio Solution File, Format Version 12.00
# Visual Studio Version 17
VisualStudioVersion = 17.7.34031.279
MinimumVisualStudioVersion = 10.0.40219.1
Project("{FAE04EC0-301F-11D3-BF4B-00C04F79EFBC}") = "Account Registration", "Account Registration\Account Registration.csproj", "{0DBA7FCA-97B7-4CCB-8B26-C8C4F20DF01B}"
EndProject
Global
	GlobalSection(SolutionConfigurationPlatforms) = preSolution
		Debug|Any CPU = Debug|Any CPU
		Release|Any CPU = Release|Any CPU
	EndGlobalSection
	GlobalSection(ProjectConfigurationPlatforms) = postSolution
		{0DBA7FCA-97B7-4CCB-8B26-C8C4F20DF01B}.Debug|Any CPU.ActiveCfg = Debug|Any CPU
		{0DBA7FCA-97B7-4CCB-8B26-C8C4F20DF01B}.Debug|Any CPU.Build.0 = Debug|Any CPU
		{0DBA7FCA-97B7-4CCB-8B26-C8C4F20DF01B}.Release|Any CPU.ActiveCfg = Release|Any CPU
		{0DBA7FCA-97B7-4CCB-8B26-C8C4F20DF01B}.Release|Any CPU.Build.0 = Release|Any CPU
	EndGlobalSection
	GlobalSection(SolutionProperties) = preSolution
		HideSolutionNode = FALSE
	EndGlobalSection
	GlobalSection(ExtensibilityGlobals) = postSolution
		SolutionGuid = {A44FC8DF-471E-49E8-8F6F-C49419249521}
	EndGlobalSection
EndGlobal
